
Microsoft Visual Studio Solution File, Format Version 12.00
# Visual Studio Version 16
VisualStudioVersion = 16.0.28803.452
MinimumVisualStudioVersion = 10.0.40219.1
Project("{8BC9CEB8-8B4A-11D0-8D11-00A0C91BC942}") = "Gazel Engine v3 (Render Farm)", "Gazel Engine v3 (Render Farm).vcxproj", "{0E2864DF-E18C-4EEB-A853-39A41CD5CB8C}"
EndProject
Global
	GlobalSection(SolutionConfigurationPlatforms) = preSolution
		Debug|x64 = Debug|x64
		Debug|x86 = Debug|x86
		Release|x64 = Release|x64
		Release|x86 = Release|x86
	EndGlobalSection
	GlobalSection(ProjectConfigurationPlatforms) = postSolution
		{0E2864DF-E18C-4EEB-A853-39A41CD5CB8C}.Debug|x64.ActiveCfg = Debug|x64
		{0E2864DF-E18C-4EEB-A853-39A41CD5CB8C}.Debug|x64.Build.0 = Debug|x64
		{0E2864DF-E18C-4EEB-A853-39A41CD5CB8C}.Debug|x86.ActiveCfg = Debug|Win32
		{0E2864DF-E18C-4EEB-A853-39A41CD5CB8C}.Debug|x86.Build.0 = Debug|Win32
		{0E2864DF-E18C-4EEB-A853-39A41CD5CB8C}.Release|x64.ActiveCfg = Release|x64
		{0E2864DF-E18C-4EEB-A853-39A41CD5CB8C}.Release|x64.Build.0 = Release|x64
		{0E2864DF-E18C-4EEB-A853-39A41CD5CB8C}.Release|x86.ActiveCfg = Release|Win32
		{0E2864DF-E18C-4EEB-A853-39A41CD5CB8C}.Release|x86.Build.0 = Release|Win32
	EndGlobalSection
	GlobalSection(SolutionProperties) = preSolution
		HideSolutionNode = FALSE
	EndGlobalSection
	GlobalSection(ExtensibilityGlobals) = postSolution
		SolutionGuid = {A719390E-C724-49E4-A460-9F212F2C8F90}
	EndGlobalSection
EndGlobal
